
Microsoft Visual Studio Solution File, Format Version 12.00
# Visual Studio 15
VisualStudioVersion = 15.0.28307.902
MinimumVisualStudioVersion = 10.0.40219.1
Project("{FAE04EC0-301F-11D3-BF4B-00C04F79EFBC}") = "LMS.WEBDOTNET", "LMS.WEBDOTNET\LMS.WEBDOTNET.csproj", "{DA403052-762F-4F10-96DB-E2E5E1746BDB}"
EndProject
Project("{FAE04EC0-301F-11D3-BF4B-00C04F79EFBC}") = "LMS.Utility", "LMS.Utility\LMS.Utility.csproj", "{D0471FE9-2A91-4621-99B4-0BD77CD96FB5}"
EndProject
Project("{FAE04EC0-301F-11D3-BF4B-00C04F79EFBC}") = "LMS.Logger", "LMS.Logger\LMS.Logger.csproj", "{B63FC82A-8E5E-4324-9CF7-8A343C4FE7C5}"
EndProject
Project("{FAE04EC0-301F-11D3-BF4B-00C04F79EFBC}") = "LMS.Model", "LMS.Model\LMS.Model.csproj", "{BFF9FCA0-E007-4A91-9B5C-9AB8B9753AA9}"
EndProject
Project("{FAE04EC0-301F-11D3-BF4B-00C04F79EFBC}") = "LMS.Repository", "LMS.Repository\LMS.Repository.csproj", "{F8C2B791-1C5B-4588-BB53-6C9C745ABE67}"
EndProject
Global
	GlobalSection(SolutionConfigurationPlatforms) = preSolution
		Debug|Any CPU = Debug|Any CPU
		Release|Any CPU = Release|Any CPU
	EndGlobalSection
	GlobalSection(ProjectConfigurationPlatforms) = postSolution
		{DA403052-762F-4F10-96DB-E2E5E1746BDB}.Debug|Any CPU.ActiveCfg = Debug|Any CPU
		{DA403052-762F-4F10-96DB-E2E5E1746BDB}.Debug|Any CPU.Build.0 = Debug|Any CPU
		{DA403052-762F-4F10-96DB-E2E5E1746BDB}.Release|Any CPU.ActiveCfg = Release|Any CPU
		{DA403052-762F-4F10-96DB-E2E5E1746BDB}.Release|Any CPU.Build.0 = Release|Any CPU
		{D0471FE9-2A91-4621-99B4-0BD77CD96FB5}.Debug|Any CPU.ActiveCfg = Debug|Any CPU
		{D0471FE9-2A91-4621-99B4-0BD77CD96FB5}.Debug|Any CPU.Build.0 = Debug|Any CPU
		{D0471FE9-2A91-4621-99B4-0BD77CD96FB5}.Release|Any CPU.ActiveCfg = Release|Any CPU
		{D0471FE9-2A91-4621-99B4-0BD77CD96FB5}.Release|Any CPU.Build.0 = Release|Any CPU
		{B63FC82A-8E5E-4324-9CF7-8A343C4FE7C5}.Debug|Any CPU.ActiveCfg = Debug|Any CPU
		{B63FC82A-8E5E-4324-9CF7-8A343C4FE7C5}.Debug|Any CPU.Build.0 = Debug|Any CPU
		{B63FC82A-8E5E-4324-9CF7-8A343C4FE7C5}.Release|Any CPU.ActiveCfg = Release|Any CPU
		{B63FC82A-8E5E-4324-9CF7-8A343C4FE7C5}.Release|Any CPU.Build.0 = Release|Any CPU
		{BFF9FCA0-E007-4A91-9B5C-9AB8B9753AA9}.Debug|Any CPU.ActiveCfg = Debug|Any CPU
		{BFF9FCA0-E007-4A91-9B5C-9AB8B9753AA9}.Debug|Any CPU.Build.0 = Debug|Any CPU
		{BFF9FCA0-E007-4A91-9B5C-9AB8B9753AA9}.Release|Any CPU.ActiveCfg = Release|Any CPU
		{BFF9FCA0-E007-4A91-9B5C-9AB8B9753AA9}.Release|Any CPU.Build.0 = Release|Any CPU
		{F8C2B791-1C5B-4588-BB53-6C9C745ABE67}.Debug|Any CPU.ActiveCfg = Debug|Any CPU
		{F8C2B791-1C5B-4588-BB53-6C9C745ABE67}.Debug|Any CPU.Build.0 = Debug|Any CPU
		{F8C2B791-1C5B-4588-BB53-6C9C745ABE67}.Release|Any CPU.ActiveCfg = Release|Any CPU
		{F8C2B791-1C5B-4588-BB53-6C9C745ABE67}.Release|Any CPU.Build.0 = Release|Any CPU
	EndGlobalSection
	GlobalSection(SolutionProperties) = preSolution
		HideSolutionNode = FALSE
	EndGlobalSection
	GlobalSection(ExtensibilityGlobals) = postSolution
		SolutionGuid = {6F38B269-DB7A-43BE-A3E1-7A7E149D13F0}
	EndGlobalSection
EndGlobal
